
Microsoft Visual Studio Solution File, Format Version 12.00
# Visual Studio Version 17
VisualStudioVersion = 17.9.34728.123
MinimumVisualStudioVersion = 10.0.40219.1
Project("{F184B08F-C81C-45F6-A57F-5ABD9991F28F}") = "MagTracePageEXAlessandro", "MagTracePageEXAlessandro\MagTracePageEXAlessandro.vbproj", "{C34EAFCC-D430-475A-9AD0-F3DEA58A5F5D}"
EndProject
Global
	GlobalSection(SolutionConfigurationPlatforms) = preSolution
		Debug|Any CPU = Debug|Any CPU
		Release|Any CPU = Release|Any CPU
	EndGlobalSection
	GlobalSection(ProjectConfigurationPlatforms) = postSolution
		{C34EAFCC-D430-475A-9AD0-F3DEA58A5F5D}.Debug|Any CPU.ActiveCfg = Debug|Any CPU
		{C34EAFCC-D430-475A-9AD0-F3DEA58A5F5D}.Debug|Any CPU.Build.0 = Debug|Any CPU
		{C34EAFCC-D430-475A-9AD0-F3DEA58A5F5D}.Release|Any CPU.ActiveCfg = Release|Any CPU
		{C34EAFCC-D430-475A-9AD0-F3DEA58A5F5D}.Release|Any CPU.Build.0 = Release|Any CPU
	EndGlobalSection
	GlobalSection(SolutionProperties) = preSolution
		HideSolutionNode = FALSE
	EndGlobalSection
	GlobalSection(ExtensibilityGlobals) = postSolution
		SolutionGuid = {3A4829C9-473A-4988-9D4B-18982380A5C5}
	EndGlobalSection
EndGlobal
